
Microsoft Visual Studio Solution File, Format Version 12.00
# Visual Studio 14
VisualStudioVersion = 14.0.24720.0
MinimumVisualStudioVersion = 10.0.40219.1
Project("{FAE04EC0-301F-11D3-BF4B-00C04F79EFBC}") = "WindowsExcelExtensionApp", "WindowsExcelExtensionApp\WindowsExcelExtensionApp.csproj", "{DDDD76D7-F998-4114-B866-C07B718DDCBB}"
EndProject
Project("{FAE04EC0-301F-11D3-BF4B-00C04F79EFBC}") = "WindowsExcelExtensionAppWeb", "WindowsExcelExtensionAppWeb\WindowsExcelExtensionAppWeb.csproj", "{FBD12EA6-598C-4FD9-8B0C-FF0747A45C8E}"
EndProject
Global
	GlobalSection(SolutionConfigurationPlatforms) = preSolution
		Debug|Any CPU = Debug|Any CPU
		Release|Any CPU = Release|Any CPU
	EndGlobalSection
	GlobalSection(ProjectConfigurationPlatforms) = postSolution
		{DDDD76D7-F998-4114-B866-C07B718DDCBB}.Debug|Any CPU.ActiveCfg = Debug|Any CPU
		{DDDD76D7-F998-4114-B866-C07B718DDCBB}.Debug|Any CPU.Build.0 = Debug|Any CPU
		{DDDD76D7-F998-4114-B866-C07B718DDCBB}.Debug|Any CPU.Deploy.0 = Debug|Any CPU
		{DDDD76D7-F998-4114-B866-C07B718DDCBB}.Release|Any CPU.ActiveCfg = Release|Any CPU
		{DDDD76D7-F998-4114-B866-C07B718DDCBB}.Release|Any CPU.Build.0 = Release|Any CPU
		{DDDD76D7-F998-4114-B866-C07B718DDCBB}.Release|Any CPU.Deploy.0 = Release|Any CPU
		{FBD12EA6-598C-4FD9-8B0C-FF0747A45C8E}.Debug|Any CPU.ActiveCfg = Debug|Any CPU
		{FBD12EA6-598C-4FD9-8B0C-FF0747A45C8E}.Debug|Any CPU.Build.0 = Debug|Any CPU
		{FBD12EA6-598C-4FD9-8B0C-FF0747A45C8E}.Release|Any CPU.ActiveCfg = Release|Any CPU
		{FBD12EA6-598C-4FD9-8B0C-FF0747A45C8E}.Release|Any CPU.Build.0 = Release|Any CPU
	EndGlobalSection
	GlobalSection(SolutionProperties) = preSolution
		HideSolutionNode = FALSE
	EndGlobalSection
EndGlobal
